// !$*UTF8*$!
{
	archiveVersion = 1;
	classes = {
	};
	objectVersion = 51;
	objects = {

/* Begin PBXBuildFile section */
		4B423FE72C06FE17CC989FF9 /* Pods_swiftLearning_swiftLearningUITests.framework in Frameworks */ = {isa = PBXBuildFile; fileRef = 8E95A4431002F9876C70033F /* Pods_swiftLearning_swiftLearningUITests.framework */; };
		55C32E0924A0C090005012D6 /* AppDelegate.swift in Sources */ = {isa = PBXBuildFile; fileRef = 55C32E0824A0C090005012D6 /* AppDelegate.swift */; };
		55C32E0B24A0C090005012D6 /* SceneDelegate.swift in Sources */ = {isa = PBXBuildFile; fileRef = 55C32E0A24A0C090005012D6 /* SceneDelegate.swift */; };
		55C32E0D24A0C090005012D6 /* ViewController.swift in Sources */ = {isa = PBXBuildFile; fileRef = 55C32E0C24A0C090005012D6 /* ViewController.swift */; };
		55C32E1024A0C090005012D6 /* Main.storyboard in Resources */ = {isa = PBXBuildFile; fileRef = 55C32E0E24A0C090005012D6 /* Main.storyboard */; };
		55C32E1324A0C090005012D6 /* swiftLearning.xcdatamodeld in Sources */ = {isa = PBXBuildFile; fileRef = 55C32E1124A0C090005012D6 /* swiftLearning.xcdatamodeld */; };
		55C32E1524A0C093005012D6 /* Assets.xcassets in Resources */ = {isa = PBXBuildFile; fileRef = 55C32E1424A0C093005012D6 /* Assets.xcassets */; };
		55C32E1824A0C093005012D6 /* LaunchScreen.storyboard in Resources */ = {isa = PBXBuildFile; fileRef = 55C32E1624A0C093005012D6 /* LaunchScreen.storyboard */; };
		55C32E2324A0C094005012D6 /* swiftLearningTests.swift in Sources */ = {isa = PBXBuildFile; fileRef = 55C32E2224A0C094005012D6 /* swiftLearningTests.swift */; };
		55C32E2E24A0C094005012D6 /* swiftLearningUITests.swift in Sources */ = {isa = PBXBuildFile; fileRef = 55C32E2D24A0C094005012D6 /* swiftLearningUITests.swift */; };
		55C32E3C24A0D266005012D6 /* EntryViewController.swift in Sources */ = {isa = PBXBuildFile; fileRef = 55C32E3B24A0D266005012D6 /* EntryViewController.swift */; };
		55C32E3E24A0D289005012D6 /* ViewViewController.swift in Sources */ = {isa = PBXBuildFile; fileRef = 55C32E3D24A0D289005012D6 /* ViewViewController.swift */; };
		739F41305EB57792E56192E9 /* Pods_swiftLearning.framework in Frameworks */ = {isa = PBXBuildFile; fileRef = C02951BAC4627608143598A8 /* Pods_swiftLearning.framework */; };
		A31D8C2B72DA9959C679383A /* Pods_swiftLearningTests.framework in Frameworks */ = {isa = PBXBuildFile; fileRef = CE2515C8604AEF899060A9EC /* Pods_swiftLearningTests.framework */; };
/* End PBXBuildFile section */

/* Begin PBXContainerItemProxy section */
		55C32E1F24A0C094005012D6 /* PBXContainerItemProxy */ = {
			isa = PBXContainerItemProxy;
			containerPortal = 55C32DFD24A0C090005012D6 /* Project object */;
			proxyType = 1;
			remoteGlobalIDString = 55C32E0424A0C090005012D6;
			remoteInfo = swiftLearning;
		};
		55C32E2A24A0C094005012D6 /* PBXContainerItemProxy */ = {
			isa = PBXContainerItemProxy;
			containerPortal = 55C32DFD24A0C090005012D6 /* Project object */;
			proxyType = 1;
			remoteGlobalIDString = 55C32E0424A0C090005012D6;
			remoteInfo = swiftLearning;
		};
/* End PBXContainerItemProxy section */

/* Begin PBXFileReference section */
		16E0F894ABE2F8920B809D59 /* Pods-swiftLearning-swiftLearningUITests.debug.xcconfig */ = {isa = PBXFileReference; includeInIndex = 1; lastKnownFileType = text.xcconfig; name = "Pods-swiftLearning-swiftLearningUITests.debug.xcconfig"; path = "Target Support Files/Pods-swiftLearning-swiftLearningUITests/Pods-swiftLearning-swiftLearningUITests.debug.xcconfig"; sourceTree = "<group>"; };
		25A4EEE9B4B8188CE5DB79F4 /* Pods-swiftLearningTests.release.xcconfig */ = {isa = PBXFileReference; includeInIndex = 1; lastKnownFileType = text.xcconfig; name = "Pods-swiftLearningTests.release.xcconfig"; path = "Target Support Files/Pods-swiftLearningTests/Pods-swiftLearningTests.release.xcconfig"; sourceTree = "<group>"; };
		55C32E0524A0C090005012D6 /* swiftLearning.app */ = {isa = PBXFileReference; explicitFileType = wrapper.application; includeInIndex = 0; path = swiftLearning.app; sourceTree = BUILT_PRODUCTS_DIR; };
		55C32E0824A0C090005012D6 /* AppDelegate.swift */ = {isa = PBXFileReference; lastKnownFileType = sourcecode.swift; path = AppDelegate.swift; sourceTree = "<group>"; };
		55C32E0A24A0C090005012D6 /* SceneDelegate.swift */ = {isa = PBXFileReference; lastKnownFileType = sourcecode.swift; path = SceneDelegate.swift; sourceTree = "<group>"; };
		55C32E0C24A0C090005012D6 /* ViewController.swift */ = {isa = PBXFileReference; lastKnownFileType = sourcecode.swift; path = ViewController.swift; sourceTree = "<group>"; };
		55C32E0F24A0C090005012D6 /* Base */ = {isa = PBXFileReference; lastKnownFileType = file.storyboard; name = Base; path = Base.lproj/Main.storyboard; sourceTree = "<group>"; };
		55C32E1224A0C090005012D6 /* swiftLearning.xcdatamodel */ = {isa = PBXFileReference; lastKnownFileType = wrapper.xcdatamodel; path = swiftLearning.xcdatamodel; sourceTree = "<group>"; };
		55C32E1424A0C093005012D6 /* Assets.xcassets */ = {isa = PBXFileReference; lastKnownFileType = folder.assetcatalog; path = Assets.xcassets; sourceTree = "<group>"; };
		55C32E1724A0C093005012D6 /* Base */ = {isa = PBXFileReference; lastKnownFileType = file.storyboard; name = Base; path = Base.lproj/LaunchScreen.storyboard; sourceTree = "<group>"; };
		55C32E1924A0C093005012D6 /* Info.plist */ = {isa = PBXFileReference; lastKnownFileType = text.plist.xml; path = Info.plist; sourceTree = "<group>"; };
		55C32E1E24A0C094005012D6 /* swiftLearningTests.xctest */ = {isa = PBXFileReference; explicitFileType = wrapper.cfbundle; includeInIndex = 0; path = swiftLearningTests.xctest; sourceTree = BUILT_PRODUCTS_DIR; };
		55C32E2224A0C094005012D6 /* swiftLearningTests.swift */ = {isa = PBXFileReference; lastKnownFileType = sourcecode.swift; path = swiftLearningTests.swift; sourceTree = "<group>"; };
		55C32E2424A0C094005012D6 /* Info.plist */ = {isa = PBXFileReference; lastKnownFileType = text.plist.xml; path = Info.plist; sourceTree = "<group>"; };
		55C32E2924A0C094005012D6 /* swiftLearningUITests.xctest */ = {isa = PBXFileReference; explicitFileType = wrapper.cfbundle; includeInIndex = 0; path = swiftLearningUITests.xctest; sourceTree = BUILT_PRODUCTS_DIR; };
		55C32E2D24A0C094005012D6 /* swiftLearningUITests.swift */ = {isa = PBXFileReference; lastKnownFileType = sourcecode.swift; path = swiftLearningUITests.swift; sourceTree = "<group>"; };
		55C32E2F24A0C094005012D6 /* Info.plist */ = {isa = PBXFileReference; lastKnownFileType = text.plist.xml; path = Info.plist; sourceTree = "<group>"; };
		55C32E3B24A0D266005012D6 /* EntryViewController.swift */ = {isa = PBXFileReference; lastKnownFileType = sourcecode.swift; path = EntryViewController.swift; sourceTree = "<group>"; };
		55C32E3D24A0D289005012D6 /* ViewViewController.swift */ = {isa = PBXFileReference; lastKnownFileType = sourcecode.swift; path = ViewViewController.swift; sourceTree = "<group>"; };
		63F6E826A352EE1505C79CEE /* Pods-swiftLearning.debug.xcconfig */ = {isa = PBXFileReference; includeInIndex = 1; lastKnownFileType = text.xcconfig; name = "Pods-swiftLearning.debug.xcconfig"; path = "Target Support Files/Pods-swiftLearning/Pods-swiftLearning.debug.xcconfig"; sourceTree = "<group>"; };
		7945764B1F90DF2A249A84ED /* Pods-swiftLearning-swiftLearningUITests.release.xcconfig */ = {isa = PBXFileReference; includeInIndex = 1; lastKnownFileType = text.xcconfig; name = "Pods-swiftLearning-swiftLearningUITests.release.xcconfig"; path = "Target Support Files/Pods-swiftLearning-swiftLearningUITests/Pods-swiftLearning-swiftLearningUITests.release.xcconfig"; sourceTree = "<group>"; };
		8E95A4431002F9876C70033F /* Pods_swiftLearning_swiftLearningUITests.framework */ = {isa = PBXFileReference; explicitFileType = wrapper.framework; includeInIndex = 0; path = Pods_swiftLearning_swiftLearningUITests.framework; sourceTree = BUILT_PRODUCTS_DIR; };
		BF6B8B4C8D1233CA66F5134D /* Pods-swiftLearningTests.debug.xcconfig */ = {isa = PBXFileReference; includeInIndex = 1; lastKnownFileType = text.xcconfig; name = "Pods-swiftLearningTests.debug.xcconfig"; path = "Target Support Files/Pods-swiftLearningTests/Pods-swiftLearningTests.debug.xcconfig"; sourceTree = "<group>"; };
		C02951BAC4627608143598A8 /* Pods_swiftLearning.framework */ = {isa = PBXFileReference; explicitFileType = wrapper.framework; includeInIndex = 0; path = Pods_swiftLearning.framework; sourceTree = BUILT_PRODUCTS_DIR; };
		CE2515C8604AEF899060A9EC /* Pods_swiftLearningTests.framework */ = {isa = PBXFileReference; explicitFileType = wrapper.framework; includeInIndex = 0; path = Pods_swiftLearningTests.framework; sourceTree = BUILT_PRODUCTS_DIR; };
		F0313534C2E42C1DE86B4A01 /* Pods-swiftLearning.release.xcconfig */ = {isa = PBXFileReference; includeInIndex = 1; lastKnownFileType = text.xcconfig; name = "Pods-swiftLearning.release.xcconfig"; path = "Target Support Files/Pods-swiftLearning/Pods-swiftLearning.release.xcconfig"; sourceTree = "<group>"; };
/* End PBXFileReference section */

/* Begin PBXFrameworksBuildPhase section */
		55C32E0224A0C090005012D6 /* Frameworks */ = {
			isa = PBXFrameworksBuildPhase;
			buildActionMask = 2147483647;
			files = (
				739F41305EB57792E56192E9 /* Pods_swiftLearning.framework in Frameworks */,
			);
			runOnlyForDeploymentPostprocessing = 0;
		};
		55C32E1B24A0C094005012D6 /* Frameworks */ = {
			isa = PBXFrameworksBuildPhase;
			buildActionMask = 2147483647;
			files = (
				A31D8C2B72DA9959C679383A /* Pods_swiftLearningTests.framework in Frameworks */,
			);
			runOnlyForDeploymentPostprocessing = 0;
		};
		55C32E2624A0C094005012D6 /* Frameworks */ = {
			isa = PBXFrameworksBuildPhase;
			buildActionMask = 2147483647;
			files = (
				4B423FE72C06FE17CC989FF9 /* Pods_swiftLearning_swiftLearningUITests.framework in Frameworks */,
			);
			runOnlyForDeploymentPostprocessing = 0;
		};
/* End PBXFrameworksBuildPhase section */

/* Begin PBXGroup section */
		11B81F0E0A3A4105407CF933 /* Frameworks */ = {
			isa = PBXGroup;
			children = (
				C02951BAC4627608143598A8 /* Pods_swiftLearning.framework */,
				8E95A4431002F9876C70033F /* Pods_swiftLearning_swiftLearningUITests.framework */,
				CE2515C8604AEF899060A9EC /* Pods_swiftLearningTests.framework */,
			);
			name = Frameworks;
			sourceTree = "<group>";
		};
		3F0FAA7BC1841A62C65C3815 /* Pods */ = {
			isa = PBXGroup;
			children = (
				63F6E826A352EE1505C79CEE /* Pods-swiftLearning.debug.xcconfig */,
				F0313534C2E42C1DE86B4A01 /* Pods-swiftLearning.release.xcconfig */,
				16E0F894ABE2F8920B809D59 /* Pods-swiftLearning-swiftLearningUITests.debug.xcconfig */,
				7945764B1F90DF2A249A84ED /* Pods-swiftLearning-swiftLearningUITests.release.xcconfig */,
				BF6B8B4C8D1233CA66F5134D /* Pods-swiftLearningTests.debug.xcconfig */,
				25A4EEE9B4B8188CE5DB79F4 /* Pods-swiftLearningTests.release.xcconfig */,
			);
			path = Pods;
			sourceTree = "<group>";
		};
		55C32DFC24A0C090005012D6 = {
			isa = PBXGroup;
			children = (
				55C32E0724A0C090005012D6 /* swiftLearning */,
				55C32E2124A0C094005012D6 /* swiftLearningTests */,
				55C32E2C24A0C094005012D6 /* swiftLearningUITests */,
				55C32E0624A0C090005012D6 /* Products */,
				3F0FAA7BC1841A62C65C3815 /* Pods */,
				11B81F0E0A3A4105407CF933 /* Frameworks */,
			);
			sourceTree = "<group>";
		};
		55C32E0624A0C090005012D6 /* Products */ = {
			isa = PBXGroup;
			children = (
				55C32E0524A0C090005012D6 /* swiftLearning.app */,
				55C32E1E24A0C094005012D6 /* swiftLearningTests.xctest */,
				55C32E2924A0C094005012D6 /* swiftLearningUITests.xctest */,
			);
			name = Products;
			sourceTree = "<group>";
		};
		55C32E0724A0C090005012D6 /* swiftLearning */ = {
			isa = PBXGroup;
			children = (
				55C32E0824A0C090005012D6 /* AppDelegate.swift */,
				55C32E0A24A0C090005012D6 /* SceneDelegate.swift */,
				55C32E0C24A0C090005012D6 /* ViewController.swift */,
				55C32E0E24A0C090005012D6 /* Main.storyboard */,
				55C32E1424A0C093005012D6 /* Assets.xcassets */,
				55C32E1624A0C093005012D6 /* LaunchScreen.storyboard */,
				55C32E1924A0C093005012D6 /* Info.plist */,
				55C32E1124A0C090005012D6 /* swiftLearning.xcdatamodeld */,
				55C32E3B24A0D266005012D6 /* EntryViewController.swift */,
				55C32E3D24A0D289005012D6 /* ViewViewController.swift */,
			);
			path = swiftLearning;
			sourceTree = "<group>";
		};
		55C32E2124A0C094005012D6 /* swiftLearningTests */ = {
			isa = PBXGroup;
			children = (
				55C32E2224A0C094005012D6 /* swiftLearningTests.swift */,
				55C32E2424A0C094005012D6 /* Info.plist */,
			);
			path = swiftLearningTests;
			sourceTree = "<group>";
		};
		55C32E2C24A0C094005012D6 /* swiftLearningUITests */ = {
			isa = PBXGroup;
			children = (
				55C32E2D24A0C094005012D6 /* swiftLearningUITests.swift */,
				55C32E2F24A0C094005012D6 /* Info.plist */,
			);
			path = swiftLearningUITests;
			sourceTree = "<group>";
		};
/* End PBXGroup section */

/* Begin PBXNativeTarget section */
		55C32E0424A0C090005012D6 /* swiftLearning */ = {
			isa = PBXNativeTarget;
			buildConfigurationList = 55C32E3224A0C094005012D6 /* Build configuration list for PBXNativeTarget "swiftLearning" */;
			buildPhases = (
				3AD56D4062EA25A135A42D30 /* [CP] Check Pods Manifest.lock */,
				55C32E0124A0C090005012D6 /* Sources */,
				55C32E0224A0C090005012D6 /* Frameworks */,
				55C32E0324A0C090005012D6 /* Resources */,
				CF65791D7A7E9F40F609FEDE /* [CP] Embed Pods Frameworks */,
			);
			buildRules = (
			);
			dependencies = (
			);
			name = swiftLearning;
			productName = swiftLearning;
			productReference = 55C32E0524A0C090005012D6 /* swiftLearning.app */;
			productType = "com.apple.product-type.application";
		};
		55C32E1D24A0C094005012D6 /* swiftLearningTests */ = {
			isa = PBXNativeTarget;
			buildConfigurationList = 55C32E3524A0C094005012D6 /* Build configuration list for PBXNativeTarget "swiftLearningTests" */;
			buildPhases = (
				C2F4AA5A6F8DA58F5F012034 /* [CP] Check Pods Manifest.lock */,
				55C32E1A24A0C094005012D6 /* Sources */,
				55C32E1B24A0C094005012D6 /* Frameworks */,
				55C32E1C24A0C094005012D6 /* Resources */,
			);
			buildRules = (
			);
			dependencies = (
				55C32E2024A0C094005012D6 /* PBXTargetDependency */,
			);
			name = swiftLearningTests;
			productName = swiftLearningTests;
			productReference = 55C32E1E24A0C094005012D6 /* swiftLearningTests.xctest */;
			productType = "com.apple.product-type.bundle.unit-test";
		};
		55C32E2824A0C094005012D6 /* swiftLearningUITests */ = {
			isa = PBXNativeTarget;
			buildConfigurationList = 55C32E3824A0C094005012D6 /* Build configuration list for PBXNativeTarget "swiftLearningUITests" */;
			buildPhases = (
				CCC8BF4464FEF20BFB875635 /* [CP] Check Pods Manifest.lock */,
				55C32E2524A0C094005012D6 /* Sources */,
				55C32E2624A0C094005012D6 /* Frameworks */,
				55C32E2724A0C094005012D6 /* Resources */,
				DB8DE978959644FCCBA8DFCE /* [CP] Embed Pods Frameworks */,
			);
			buildRules = (
			);
			dependencies = (
				55C32E2B24A0C094005012D6 /* PBXTargetDependency */,
			);
			name = swiftLearningUITests;
			productName = swiftLearningUITests;
			productReference = 55C32E2924A0C094005012D6 /* swiftLearningUITests.xctest */;
			productType = "com.apple.product-type.bundle.ui-testing";
		};
/* End PBXNativeTarget section */

/* Begin PBXProject section */
		55C32DFD24A0C090005012D6 /* Project object */ = {
			isa = PBXProject;
			attributes = {
				LastSwiftUpdateCheck = 1150;
				LastUpgradeCheck = 1150;
				ORGANIZATIONNAME = "alex-babich";
				TargetAttributes = {
					55C32E0424A0C090005012D6 = {
						CreatedOnToolsVersion = 11.5;
					};
					55C32E1D24A0C094005012D6 = {
						CreatedOnToolsVersion = 11.5;
						TestTargetID = 55C32E0424A0C090005012D6;
					};
					55C32E2824A0C094005012D6 = {
						CreatedOnToolsVersion = 11.5;
						TestTargetID = 55C32E0424A0C090005012D6;
					};
				};
			};
			buildConfigurationList = 55C32E0024A0C090005012D6 /* Build configuration list for PBXProject "swiftLearning" */;
			compatibilityVersion = "Xcode 9.3";
			developmentRegion = en;
			hasScannedForEncodings = 0;
			knownRegions = (
				en,
				Base,
			);
			mainGroup = 55C32DFC24A0C090005012D6;
			productRefGroup = 55C32E0624A0C090005012D6 /* Products */;
			projectDirPath = "";
			projectRoot = "";
			targets = (
				55C32E0424A0C090005012D6 /* swiftLearning */,
				55C32E1D24A0C094005012D6 /* swiftLearningTests */,
				55C32E2824A0C094005012D6 /* swiftLearningUITests */,
			);
		};
/* End PBXProject section */

/* Begin PBXResourcesBuildPhase section */
		55C32E0324A0C090005012D6 /* Resources */ = {
			isa = PBXResourcesBuildPhase;
			buildActionMask = 2147483647;
			files = (
				55C32E1824A0C093005012D6 /* LaunchScreen.storyboard in Resources */,
				55C32E1524A0C093005012D6 /* Assets.xcassets in Resources */,
				55C32E1024A0C090005012D6 /* Main.storyboard in Resources */,
			);
			runOnlyForDeploymentPostprocessing = 0;
		};
		55C32E1C24A0C094005012D6 /* Resources */ = {
			isa = PBXResourcesBuildPhase;
			buildActionMask = 2147483647;
			files = (
			);
			runOnlyForDeploymentPostprocessing = 0;
		};
		55C32E2724A0C094005012D6 /* Resources */ = {
			isa = PBXResourcesBuildPhase;
			buildActionMask = 2147483647;
			files = (
			);
			runOnlyForDeploymentPostprocessing = 0;
		};
/* End PBXResourcesBuildPhase section */

/* Begin PBXShellScriptBuildPhase section */
		3AD56D4062EA25A135A42D30 /* [CP] Check Pods Manifest.lock */ = {
			isa = PBXShellScriptBuildPhase;
			buildActionMask = 2147483647;
			files = (
			);
			inputFileListPaths = (
			);
			inputPaths = (
				"${PODS_PODFILE_DIR_PATH}/Podfile.lock",
				"${PODS_ROOT}/Manifest.lock",
			);
			name = "[CP] Check Pods Manifest.lock";
			outputFileListPaths = (
			);
			outputPaths = (
				"$(DERIVED_FILE_DIR)/Pods-swiftLearning-checkManifestLockResult.txt",
			);
			runOnlyForDeploymentPostprocessing = 0;
			shellPath = /bin/sh;
			shellScript = "diff \"${PODS_PODFILE_DIR_PATH}/Podfile.lock\" \"${PODS_ROOT}/Manifest.lock\" > /dev/null\nif [ $? != 0 ] ; then\n    # print error to STDERR\n    echo \"error: The sandbox is not in sync with the Podfile.lock. Run 'pod install' or update your CocoaPods installation.\" >&2\n    exit 1\nfi\n# This output is used by Xcode 'outputs' to avoid re-running this script phase.\necho \"SUCCESS\" > \"${SCRIPT_OUTPUT_FILE_0}\"\n";
			showEnvVarsInLog = 0;
		};
		C2F4AA5A6F8DA58F5F012034 /* [CP] Check Pods Manifest.lock */ = {
			isa = PBXShellScriptBuildPhase;
			buildActionMask = 2147483647;
			files = (
			);
			inputFileListPaths = (
			);
			inputPaths = (
				"${PODS_PODFILE_DIR_PATH}/Podfile.lock",
				"${PODS_ROOT}/Manifest.lock",
			);
			name = "[CP] Check Pods Manifest.lock";
			outputFileListPaths = (
			);
			outputPaths = (
				"$(DERIVED_FILE_DIR)/Pods-swiftLearningTests-checkManifestLockResult.txt",
			);
			runOnlyForDeploymentPostprocessing = 0;
			shellPath = /bin/sh;
			shellScript = "diff \"${PODS_PODFILE_DIR_PATH}/Podfile.lock\" \"${PODS_ROOT}/Manifest.lock\" > /dev/null\nif [ $? != 0 ] ; then\n    # print error to STDERR\n    echo \"error: The sandbox is not in sync with the Podfile.lock. Run 'pod install' or update your CocoaPods installation.\" >&2\n    exit 1\nfi\n# This output is used by Xcode 'outputs' to avoid re-running this script phase.\necho \"SUCCESS\" > \"${SCRIPT_OUTPUT_FILE_0}\"\n";
			showEnvVarsInLog = 0;
		};
		CCC8BF4464FEF20BFB875635 /* [CP] Check Pods Manifest.lock */ = {
			isa = PBXShellScriptBuildPhase;
			buildActionMask = 2147483647;
			files = (
			);
			inputFileListPaths = (
			);
			inputPaths = (
				"${PODS_PODFILE_DIR_PATH}/Podfile.lock",
				"${PODS_ROOT}/Manifest.lock",
			);
			name = "[CP] Check Pods Manifest.lock";
			outputFileListPaths = (
			);
			outputPaths = (
				"$(DERIVED_FILE_DIR)/Pods-swiftLearning-swiftLearningUITests-checkManifestLockResult.txt",
			);
			runOnlyForDeploymentPostprocessing = 0;
			shellPath = /bin/sh;
			shellScript = "diff \"${PODS_PODFILE_DIR_PATH}/Podfile.lock\" \"${PODS_ROOT}/Manifest.lock\" > /dev/null\nif [ $? != 0 ] ; then\n    # print error to STDERR\n    echo \"error: The sandbox is not in sync with the Podfile.lock. Run 'pod install' or update your CocoaPods installation.\" >&2\n    exit 1\nfi\n# This output is used by Xcode 'outputs' to avoid re-running this script phase.\necho \"SUCCESS\" > \"${SCRIPT_OUTPUT_FILE_0}\"\n";
			showEnvVarsInLog = 0;
		};
		CF65791D7A7E9F40F609FEDE /* [CP] Embed Pods Frameworks */ = {
			isa = PBXShellScriptBuildPhase;
			buildActionMask = 2147483647;
			files = (
			);
			inputFileListPaths = (
				"${PODS_ROOT}/Target Support Files/Pods-swiftLearning/Pods-swiftLearning-frameworks-${CONFIGURATION}-input-files.xcfilelist",
			);
			name = "[CP] Embed Pods Frameworks";
			outputFileListPaths = (
				"${PODS_ROOT}/Target Support Files/Pods-swiftLearning/Pods-swiftLearning-frameworks-${CONFIGURATION}-output-files.xcfilelist",
			);
			runOnlyForDeploymentPostprocessing = 0;
			shellPath = /bin/sh;
			shellScript = "\"${PODS_ROOT}/Target Support Files/Pods-swiftLearning/Pods-swiftLearning-frameworks.sh\"\n";
			showEnvVarsInLog = 0;
		};
		DB8DE978959644FCCBA8DFCE /* [CP] Embed Pods Frameworks */ = {
			isa = PBXShellScriptBuildPhase;
			buildActionMask = 2147483647;
			files = (
			);
			inputFileListPaths = (
				"${PODS_ROOT}/Target Support Files/Pods-swiftLearning-swiftLearningUITests/Pods-swiftLearning-swiftLearningUITests-frameworks-${CONFIGURATION}-input-files.xcfilelist",
			);
			name = "[CP] Embed Pods Frameworks";
			outputFileListPaths = (
				"${PODS_ROOT}/Target Support Files/Pods-swiftLearning-swiftLearningUITests/Pods-swiftLearning-swiftLearningUITests-frameworks-${CONFIGURATION}-output-files.xcfilelist",
			);
			runOnlyForDeploymentPostprocessing = 0;
			shellPath = /bin/sh;
			shellScript = "\"${PODS_ROOT}/Target Support Files/Pods-swiftLearning-swiftLearningUITests/Pods-swiftLearning-swiftLearningUITests-frameworks.sh\"\n";
			showEnvVarsInLog = 0;
		};
/* End PBXShellScriptBuildPhase section */

/* Begin PBXSourcesBuildPhase section */
		55C32E0124A0C090005012D6 /* Sources */ = {
			isa = PBXSourcesBuildPhase;
			buildActionMask = 2147483647;
			files = (
				55C32E0D24A0C090005012D6 /* ViewController.swift in Sources */,
				55C32E3C24A0D266005012D6 /* EntryViewController.swift in Sources */,
				55C32E0924A0C090005012D6 /* AppDelegate.swift in Sources */,
				55C32E3E24A0D289005012D6 /* ViewViewController.swift in Sources */,
				55C32E0B24A0C090005012D6 /* SceneDelegate.swift in Sources */,
				55C32E1324A0C090005012D6 /* swiftLearning.xcdatamodeld in Sources */,
			);
			runOnlyForDeploymentPostprocessing = 0;
		};
		55C32E1A24A0C094005012D6 /* Sources */ = {
			isa = PBXSourcesBuildPhase;
			buildActionMask = 2147483647;
			files = (
				55C32E2324A0C094005012D6 /* swiftLearningTests.swift in Sources */,
			);
			runOnlyForDeploymentPostprocessing = 0;
		};
		55C32E2524A0C094005012D6 /* Sources */ = {
			isa = PBXSourcesBuildPhase;
			buildActionMask = 2147483647;
			files = (
				55C32E2E24A0C094005012D6 /* swiftLearningUITests.swift in Sources */,
			);
			runOnlyForDeploymentPostprocessing = 0;
		};
/* End PBXSourcesBuildPhase section */

/* Begin PBXTargetDependency section */
		55C32E2024A0C094005012D6 /* PBXTargetDependency */ = {
			isa = PBXTargetDependency;
			target = 55C32E0424A0C090005012D6 /* swiftLearning */;
			targetProxy = 55C32E1F24A0C094005012D6 /* PBXContainerItemProxy */;
		};
		55C32E2B24A0C094005012D6 /* PBXTargetDependency */ = {
			isa = PBXTargetDependency;
			target = 55C32E0424A0C090005012D6 /* swiftLearning */;
			targetProxy = 55C32E2A24A0C094005012D6 /* PBXContainerItemProxy */;
		};
/* End PBXTargetDependency section */

/* Begin PBXVariantGroup section */
		55C32E0E24A0C090005012D6 /* Main.storyboard */ = {
			isa = PBXVariantGroup;
			children = (
				55C32E0F24A0C090005012D6 /* Base */,
			);
			name = Main.storyboard;
			sourceTree = "<group>";
		};
		55C32E1624A0C093005012D6 /* LaunchScreen.storyboard */ = {
			isa = PBXVariantGroup;
			children = (
				55C32E1724A0C093005012D6 /* Base */,
			);
			name = LaunchScreen.storyboard;
			sourceTree = "<group>";
		};
/* End PBXVariantGroup section */

/* Begin XCBuildConfiguration section */
		55C32E3024A0C094005012D6 /* Debug */ = {
			isa = XCBuildConfiguration;
			buildSettings = {
				ALWAYS_SEARCH_USER_PATHS = NO;
				CLANG_ANALYZER_NONNULL = YES;
				CLANG_ANALYZER_NUMBER_OBJECT_CONVERSION = YES_AGGRESSIVE;
				CLANG_CXX_LANGUAGE_STANDARD = "gnu++14";
				CLANG_CXX_LIBRARY = "libc++";
				CLANG_ENABLE_MODULES = YES;
				CLANG_ENABLE_OBJC_ARC = YES;
				CLANG_ENABLE_OBJC_WEAK = YES;
				CLANG_WARN_BLOCK_CAPTURE_AUTORELEASING = YES;
				CLANG_WARN_BOOL_CONVERSION = YES;
				CLANG_WARN_COMMA = YES;
				CLANG_WARN_CONSTANT_CONVERSION = YES;
				CLANG_WARN_DEPRECATED_OBJC_IMPLEMENTATIONS = YES;
				CLANG_WARN_DIRECT_OBJC_ISA_USAGE = YES_ERROR;
				CLANG_WARN_DOCUMENTATION_COMMENTS = YES;
				CLANG_WARN_EMPTY_BODY = YES;
				CLANG_WARN_ENUM_CONVERSION = YES;
				CLANG_WARN_INFINITE_RECURSION = YES;
				CLANG_WARN_INT_CONVERSION = YES;
				CLANG_WARN_NON_LITERAL_NULL_CONVERSION = YES;
				CLANG_WARN_OBJC_IMPLICIT_RETAIN_SELF = YES;
				CLANG_WARN_OBJC_LITERAL_CONVERSION = YES;
				CLANG_WARN_OBJC_ROOT_CLASS = YES_ERROR;
				CLANG_WARN_RANGE_LOOP_ANALYSIS = YES;
				CLANG_WARN_STRICT_PROTOTYPES = YES;
				CLANG_WARN_SUSPICIOUS_MOVE = YES;
				CLANG_WARN_UNGUARDED_AVAILABILITY = YES_AGGRESSIVE;
				CLANG_WARN_UNREACHABLE_CODE = YES;
				CLANG_WARN__DUPLICATE_METHOD_MATCH = YES;
				COPY_PHASE_STRIP = NO;
				DEBUG_INFORMATION_FORMAT = dwarf;
				ENABLE_STRICT_OBJC_MSGSEND = YES;
				ENABLE_TESTABILITY = YES;
				GCC_C_LANGUAGE_STANDARD = gnu11;
				GCC_DYNAMIC_NO_PIC = NO;
				GCC_NO_COMMON_BLOCKS = YES;
				GCC_OPTIMIZATION_LEVEL = 0;
				GCC_PREPROCESSOR_DEFINITIONS = (
					"DEBUG=1",
					"$(inherited)",
				);
				GCC_WARN_64_TO_32_BIT_CONVERSION = YES;
				GCC_WARN_ABOUT_RETURN_TYPE = YES_ERROR;
				GCC_WARN_UNDECLARED_SELECTOR = YES;
				GCC_WARN_UNINITIALIZED_AUTOS = YES_AGGRESSIVE;
				GCC_WARN_UNUSED_FUNCTION = YES;
				GCC_WARN_UNUSED_VARIABLE = YES;
				IPHONEOS_DEPLOYMENT_TARGET = 13.5;
				MTL_ENABLE_DEBUG_INFO = INCLUDE_SOURCE;
				MTL_FAST_MATH = YES;
				ONLY_ACTIVE_ARCH = YES;
				SDKROOT = iphoneos;
				SWIFT_ACTIVE_COMPILATION_CONDITIONS = DEBUG;
				SWIFT_OPTIMIZATION_LEVEL = "-Onone";
			};
			name = Debug;
		};
		55C32E3124A0C094005012D6 /* Release */ = {
			isa = XCBuildConfiguration;
			buildSettings = {
				ALWAYS_SEARCH_USER_PATHS = NO;
				CLANG_ANALYZER_NONNULL = YES;
				CLANG_ANALYZER_NUMBER_OBJECT_CONVERSION = YES_AGGRESSIVE;
				CLANG_CXX_LANGUAGE_STANDARD = "gnu++14";
				CLANG_CXX_LIBRARY = "libc++";
				CLANG_ENABLE_MODULES = YES;
				CLANG_ENABLE_OBJC_ARC = YES;
				CLANG_ENABLE_OBJC_WEAK = YES;
				CLANG_WARN_BLOCK_CAPTURE_AUTORELEASING = YES;
				CLANG_WARN_BOOL_CONVERSION = YES;
				CLANG_WARN_COMMA = YES;
				CLANG_WARN_CONSTANT_CONVERSION = YES;
				CLANG_WARN_DEPRECATED_OBJC_IMPLEMENTATIONS = YES;
				CLANG_WARN_DIRECT_OBJC_ISA_USAGE = YES_ERROR;
				CLANG_WARN_DOCUMENTATION_COMMENTS = YES;
				CLANG_WARN_EMPTY_BODY = YES;
				CLANG_WARN_ENUM_CONVERSION = YES;
				CLANG_WARN_INFINITE_RECURSION = YES;
				CLANG_WARN_INT_CONVERSION = YES;
				CLANG_WARN_NON_LITERAL_NULL_CONVERSION = YES;
				CLANG_WARN_OBJC_IMPLICIT_RETAIN_SELF = YES;
				CLANG_WARN_OBJC_LITERAL_CONVERSION = YES;
				CLANG_WARN_OBJC_ROOT_CLASS = YES_ERROR;
				CLANG_WARN_RANGE_LOOP_ANALYSIS = YES;
				CLANG_WARN_STRICT_PROTOTYPES = YES;
				CLANG_WARN_SUSPICIOUS_MOVE = YES;
				CLANG_WARN_UNGUARDED_AVAILABILITY = YES_AGGRESSIVE;
				CLANG_WARN_UNREACHABLE_CODE = YES;
				CLANG_WARN__DUPLICATE_METHOD_MATCH = YES;
				COPY_PHASE_STRIP = NO;
				DEBUG_INFORMATION_FORMAT = "dwarf-with-dsym";
				ENABLE_NS_ASSERTIONS = NO;
				ENABLE_STRICT_OBJC_MSGSEND = YES;
				GCC_C_LANGUAGE_STANDARD = gnu11;
				GCC_NO_COMMON_BLOCKS = YES;
				GCC_WARN_64_TO_32_BIT_CONVERSION = YES;
				GCC_WARN_ABOUT_RETURN_TYPE = YES_ERROR;
				GCC_WARN_UNDECLARED_SELECTOR = YES;
				GCC_WARN_UNINITIALIZED_AUTOS = YES_AGGRESSIVE;
				GCC_WARN_UNUSED_FUNCTION = YES;
				GCC_WARN_UNUSED_VARIABLE = YES;
				IPHONEOS_DEPLOYMENT_TARGET = 13.5;
				MTL_ENABLE_DEBUG_INFO = NO;
				MTL_FAST_MATH = YES;
				SDKROOT = iphoneos;
				SWIFT_COMPILATION_MODE = wholemodule;
				SWIFT_OPTIMIZATION_LEVEL = "-O";
				VALIDATE_PRODUCT = YES;
			};
			name = Release;
		};
		55C32E3324A0C094005012D6 /* Debug */ = {
			isa = XCBuildConfiguration;
			baseConfigurationReference = 63F6E826A352EE1505C79CEE /* Pods-swiftLearning.debug.xcconfig */;
			buildSettings = {
				ASSETCATALOG_COMPILER_APPICON_NAME = AppIcon;
				CODE_SIGN_STYLE = Automatic;
				DEVELOPMENT_TEAM = TA2UAPFU92;
				INFOPLIST_FILE = swiftLearning/Info.plist;
				LD_RUNPATH_SEARCH_PATHS = (
					"$(inherited)",
					"@executable_path/Frameworks",
				);
				PRODUCT_BUNDLE_IDENTIFIER = homemade.swiftLearning;
				PRODUCT_NAME = "$(TARGET_NAME)";
				SWIFT_VERSION = 5.0;
				TARGETED_DEVICE_FAMILY = "1,2";
			};
			name = Debug;
		};
		55C32E3424A0C094005012D6 /* Release */ = {
			isa = XCBuildConfiguration;
			baseConfigurationReference = F0313534C2E42C1DE86B4A01 /* Pods-swiftLearning.release.xcconfig */;
			buildSettings = {
				ASSETCATALOG_COMPILER_APPICON_NAME = AppIcon;
				CODE_SIGN_STYLE = Automatic;
				DEVELOPMENT_TEAM = TA2UAPFU92;
				INFOPLIST_FILE = swiftLearning/Info.plist;
				LD_RUNPATH_SEARCH_PATHS = (
					"$(inherited)",
					"@executable_path/Frameworks",
				);
				PRODUCT_BUNDLE_IDENTIFIER = homemade.swiftLearning;
				PRODUCT_NAME = "$(TARGET_NAME)";
				SWIFT_VERSION = 5.0;
				TARGETED_DEVICE_FAMILY = "1,2";
			};
			name = Release;
		};
		55C32E3624A0C094005012D6 /* Debug */ = {
			isa = XCBuildConfiguration;
			baseConfigurationReference = BF6B8B4C8D1233CA66F5134D /* Pods-swiftLearningTests.debug.xcconfig */;
			buildSettings = {
				ALWAYS_EMBED_SWIFT_STANDARD_LIBRARIES = YES;
				BUNDLE_LOADER = "$(TEST_HOST)";
				CODE_SIGN_STYLE = Automatic;
				DEVELOPMENT_TEAM = TA2UAPFU92;
				INFOPLIST_FILE = swiftLearningTests/Info.plist;
				IPHONEOS_DEPLOYMENT_TARGET = 13.5;
				LD_RUNPATH_SEARCH_PATHS = (
					"$(inherited)",
					"@executable_path/Frameworks",
					"@loader_path/Frameworks",
				);
				PRODUCT_BUNDLE_IDENTIFIER = homemade.swiftLearningTests;
				PRODUCT_NAME = "$(TARGET_NAME)";
				SWIFT_VERSION = 5.0;
				TARGETED_DEVICE_FAMILY = "1,2";
				TEST_HOST = "$(BUILT_PRODUCTS_DIR)/swiftLearning.app/swiftLearning";
			};
			name = Debug;
		};
		55C32E3724A0C094005012D6 /* Release */ = {
			isa = XCBuildConfiguration;
			baseConfigurationReference = 25A4EEE9B4B8188CE5DB79F4 /* Pods-swiftLearningTests.release.xcconfig */;
			buildSettings = {
				ALWAYS_EMBED_SWIFT_STANDARD_LIBRARIES = YES;
				BUNDLE_LOADER = "$(TEST_HOST)";
				CODE_SIGN_STYLE = Automatic;
				DEVELOPMENT_TEAM = TA2UAPFU92;
				INFOPLIST_FILE = swiftLearningTests/Info.plist;
				IPHONEOS_DEPLOYMENT_TARGET = 13.5;
				LD_RUNPATH_SEARCH_PATHS = (
					"$(inherited)",
					"@executable_path/Frameworks",
					"@loader_path/Frameworks",
				);
				PRODUCT_BUNDLE_IDENTIFIER = homemade.swiftLearningTests;
				PRODUCT_NAME = "$(TARGET_NAME)";
				SWIFT_VERSION = 5.0;
				TARGETED_DEVICE_FAMILY = "1,2";
				TEST_HOST = "$(BUILT_PRODUCTS_DIR)/swiftLearning.app/swiftLearning";
			};
			name = Release;
		};
		55C32E3924A0C094005012D6 /* Debug */ = {
			isa = XCBuildConfiguration;
			baseConfigurationReference = 16E0F894ABE2F8920B809D59 /* Pods-swiftLearning-swiftLearningUITests.debug.xcconfig */;
			buildSettings = {
				ALWAYS_EMBED_SWIFT_STANDARD_LIBRARIES = YES;
				CODE_SIGN_STYLE = Automatic;
				DEVELOPMENT_TEAM = TA2UAPFU92;
				INFOPLIST_FILE = swiftLearningUITests/Info.plist;
				LD_RUNPATH_SEARCH_PATHS = (
					"$(inherited)",
					"@executable_path/Frameworks",
					"@loader_path/Frameworks",
				);
				PRODUCT_BUNDLE_IDENTIFIER = homemade.swiftLearningUITests;
				PRODUCT_NAME = "$(TARGET_NAME)";
				SWIFT_VERSION = 5.0;
				TARGETED_DEVICE_FAMILY = "1,2";
				TEST_TARGET_NAME = swiftLearning;
			};
			name = Debug;
		};
		55C32E3A24A0C094005012D6 /* Release */ = {
			isa = XCBuildConfiguration;
			baseConfigurationReference = 7945764B1F90DF2A249A84ED /* Pods-swiftLearning-swiftLearningUITests.release.xcconfig */;
			buildSettings = {
				ALWAYS_EMBED_SWIFT_STANDARD_LIBRARIES = YES;
				CODE_SIGN_STYLE = Automatic;
				DEVELOPMENT_TEAM = TA2UAPFU92;
				INFOPLIST_FILE = swiftLearningUITests/Info.plist;
				LD_RUNPATH_SEARCH_PATHS = (
					"$(inherited)",
					"@executable_path/Frameworks",
					"@loader_path/Frameworks",
				);
				PRODUCT_BUNDLE_IDENTIFIER = homemade.swiftLearningUITests;
				PRODUCT_NAME = "$(TARGET_NAME)";
				SWIFT_VERSION = 5.0;
				TARGETED_DEVICE_FAMILY = "1,2";
				TEST_TARGET_NAME = swiftLearning;
			};
			name = Release;
		};
/* End XCBuildConfiguration section */

/* Begin XCConfigurationList section */
		55C32E0024A0C090005012D6 /* Build configuration list for PBXProject "swiftLearning" */ = {
			isa = XCConfigurationList;
			buildConfigurations = (
				55C32E3024A0C094005012D6 /* Debug */,
				55C32E3124A0C094005012D6 /* Release */,
			);
			defaultConfigurationIsVisible = 0;
			defaultConfigurationName = Release;
		};
		55C32E3224A0C094005012D6 /* Build configuration list for PBXNativeTarget "swiftLearning" */ = {
			isa = XCConfigurationList;
			buildConfigurations = (
				55C32E3324A0C094005012D6 /* Debug */,
				55C32E3424A0C094005012D6 /* Release */,
			);
			defaultConfigurationIsVisible = 0;
			defaultConfigurationName = Release;
		};
		55C32E3524A0C094005012D6 /* Build configuration list for PBXNativeTarget "swiftLearningTests" */ = {
			isa = XCConfigurationList;
			buildConfigurations = (
				55C32E3624A0C094005012D6 /* Debug */,
				55C32E3724A0C094005012D6 /* Release */,
			);
			defaultConfigurationIsVisible = 0;
			defaultConfigurationName = Release;
		};
		55C32E3824A0C094005012D6 /* Build configuration list for PBXNativeTarget "swiftLearningUITests" */ = {
			isa = XCConfigurationList;
			buildConfigurations = (
				55C32E3924A0C094005012D6 /* Debug */,
				55C32E3A24A0C094005012D6 /* Release */,
			);
			defaultConfigurationIsVisible = 0;
			defaultConfigurationName = Release;
		};
/* End XCConfigurationList section */

/* Begin XCVersionGroup section */
		55C32E1124A0C090005012D6 /* swiftLearning.xcdatamodeld */ = {
			isa = XCVersionGroup;
			children = (
				55C32E1224A0C090005012D6 /* swiftLearning.xcdatamodel */,
			);
			currentVersion = 55C32E1224A0C090005012D6 /* swiftLearning.xcdatamodel */;
			path = swiftLearning.xcdatamodeld;
			sourceTree = "<group>";
			versionGroupType = wrapper.xcdatamodel;
		};
/* End XCVersionGroup section */
	};
	rootObject = 55C32DFD24A0C090005012D6 /* Project object */;
}
